{
  "requires": true,
  "lockfileVersion": 1,
  "dependencies": {
    "otheruse22": {
      "version": "2.0.0",
      "resolved": "https://registry.npmjs.org/otheruse22/-/otheruse22-2.0.0.tgz",
      "integrity": "sha512-hqWpZUQjVBnrX1/9n2sCDezsYKTwozSRi1WGug3+ipa0JHk4NshcJpx8TJHckd0qO2dmm3v+cUZMKIf05KbSbA=="
    }
  }
}
